// !$*UTF8*$!
{
	archiveVersion = 1;
	classes = {
	};
	objectVersion = 70;
	objects = {

/* Begin PBXBuildFile section */
		F00FCBB62C73CA8900F45A30 /* TodoDetailsView.swift in Sources */ = {isa = PBXBuildFile; fileRef = F00FCBB52C73CA8900F45A30 /* TodoDetailsView.swift */; };
		F00FCBB92C73CBE300F45A30 /* TodoDetailsViewModel.swift in Sources */ = {isa = PBXBuildFile; fileRef = F00FCBB82C73CBE300F45A30 /* TodoDetailsViewModel.swift */; };
		F00FCBBD2C74E88D00F45A30 /* TodosListSectionView.swift in Sources */ = {isa = PBXBuildFile; fileRef = F00FCBBC2C74E88D00F45A30 /* TodosListSectionView.swift */; };
		F0110D802CD02C2B00EE54AD /* OtherExtentions.swift in Sources */ = {isa = PBXBuildFile; fileRef = F0110D7F2CD02C2B00EE54AD /* OtherExtentions.swift */; };
		F0267DA52C7FAA5C001C2FEB /* FoldersListView.swift in Sources */ = {isa = PBXBuildFile; fileRef = F0267DA42C7FAA5C001C2FEB /* FoldersListView.swift */; };
		F0267DAA2C7FAFA5001C2FEB /* NewFolderView.swift in Sources */ = {isa = PBXBuildFile; fileRef = F0267DA92C7FAFA5001C2FEB /* NewFolderView.swift */; };
		F0267DAC2C7FBFF2001C2FEB /* FoldersView.swift in Sources */ = {isa = PBXBuildFile; fileRef = F0267DAB2C7FBFF2001C2FEB /* FoldersView.swift */; };
		F0267DAE2C7FC37F001C2FEB /* FolderListItemView.swift in Sources */ = {isa = PBXBuildFile; fileRef = F0267DAD2C7FC37F001C2FEB /* FolderListItemView.swift */; };
		F0267DB12C808281001C2FEB /* EntitiesExtentions.swift in Sources */ = {isa = PBXBuildFile; fileRef = F0267DB02C808281001C2FEB /* EntitiesExtentions.swift */; };
		F0267DB52C808905001C2FEB /* FolderDetailsView.swift in Sources */ = {isa = PBXBuildFile; fileRef = F0267DB42C808905001C2FEB /* FolderDetailsView.swift */; };
		F0267DB82C808A59001C2FEB /* FolderDetailsViewModel.swift in Sources */ = {isa = PBXBuildFile; fileRef = F0267DB72C808A59001C2FEB /* FolderDetailsViewModel.swift */; };
		F0267DBA2C808D50001C2FEB /* AlertController.swift in Sources */ = {isa = PBXBuildFile; fileRef = F0267DB92C808D50001C2FEB /* AlertController.swift */; };
		F02CFE782CF26A6E004ADDCA /* TodosForEachView.swift in Sources */ = {isa = PBXBuildFile; fileRef = F02CFE772CF26A6E004ADDCA /* TodosForEachView.swift */; };
		F04777B22C73909600A3C7FA /* PreviewExtentions.swift in Sources */ = {isa = PBXBuildFile; fileRef = F04777B12C73909600A3C7FA /* PreviewExtentions.swift */; };
		F04777B42C73984000A3C7FA /* TodoListItemView.swift in Sources */ = {isa = PBXBuildFile; fileRef = F04777B32C73984000A3C7FA /* TodoListItemView.swift */; };
		F04E4AA82CCD0B8E00D931CF /* FirebaseFirestore in Frameworks */ = {isa = PBXBuildFile; productRef = F04E4AA72CCD0B8E00D931CF /* FirebaseFirestore */; };
		F04E4AAA2CCD0FBB00D931CF /* UserManager.swift in Sources */ = {isa = PBXBuildFile; fileRef = F04E4AA92CCD0FBB00D931CF /* UserManager.swift */; };
		F0774FCD2C986A7C00A9CA07 /* MainView.swift in Sources */ = {isa = PBXBuildFile; fileRef = F0774FCC2C986A7C00A9CA07 /* MainView.swift */; };
		F0774FCF2C986B1600A9CA07 /* HomeView.swift in Sources */ = {isa = PBXBuildFile; fileRef = F0774FCE2C986B1600A9CA07 /* HomeView.swift */; };
		F0815EA92CCE4F8000A17781 /* FolderManager.swift in Sources */ = {isa = PBXBuildFile; fileRef = F0815EA82CCE4F8000A17781 /* FolderManager.swift */; };
		F0815EAC2CCE55CF00A17781 /* NewFodlerViewModel.swift in Sources */ = {isa = PBXBuildFile; fileRef = F0815EAB2CCE55CF00A17781 /* NewFodlerViewModel.swift */; };
		F0815EAE2CCE5A4500A17781 /* TodoManager.swift in Sources */ = {isa = PBXBuildFile; fileRef = F0815EAD2CCE5A4500A17781 /* TodoManager.swift */; };
		F08FD5362CE13F4900533AF0 /* TodoDataModel.xcdatamodeld in Sources */ = {isa = PBXBuildFile; fileRef = F08FD5342CE13F4900533AF0 /* TodoDataModel.xcdatamodeld */; };
		F08FFC362C7245BE0011A378 /* TodoApp.swift in Sources */ = {isa = PBXBuildFile; fileRef = F08FFC352C7245BE0011A378 /* TodoApp.swift */; };
		F08FFC382C7245BE0011A378 /* FolderView.swift in Sources */ = {isa = PBXBuildFile; fileRef = F08FFC372C7245BE0011A378 /* FolderView.swift */; };
		F08FFC3A2C7245C00011A378 /* Assets.xcassets in Resources */ = {isa = PBXBuildFile; fileRef = F08FFC392C7245C00011A378 /* Assets.xcassets */; };
		F08FFC3D2C7245C00011A378 /* Preview Assets.xcassets in Resources */ = {isa = PBXBuildFile; fileRef = F08FFC3C2C7245C00011A378 /* Preview Assets.xcassets */; };
		F08FFC3F2C7245C00011A378 /* Persistence.swift in Sources */ = {isa = PBXBuildFile; fileRef = F08FFC3E2C7245C00011A378 /* Persistence.swift */; };
		F08FFC4C2C7299F20011A378 /* NewTodoView.swift in Sources */ = {isa = PBXBuildFile; fileRef = F08FFC4B2C7299F20011A378 /* NewTodoView.swift */; };
		F08FFC512C7379970011A378 /* NewTodoViewModel.swift in Sources */ = {isa = PBXBuildFile; fileRef = F08FFC502C7379970011A378 /* NewTodoViewModel.swift */; };
		F0B549082D834123009ADFA8 /* WidgetKit.framework in Frameworks */ = {isa = PBXBuildFile; fileRef = F0B549072D834123009ADFA8 /* WidgetKit.framework */; };
		F0B5490A2D834123009ADFA8 /* SwiftUI.framework in Frameworks */ = {isa = PBXBuildFile; fileRef = F0B549092D834123009ADFA8 /* SwiftUI.framework */; };
		F0B5491B2D834124009ADFA8 /* TodoWidgetExtension.appex in Embed Foundation Extensions */ = {isa = PBXBuildFile; fileRef = F0B549062D834123009ADFA8 /* TodoWidgetExtension.appex */; settings = {ATTRIBUTES = (RemoveHeadersOnCopy, ); }; };
		F0D684CA2CCBDBB3003DB0B1 /* FirebaseAuth in Frameworks */ = {isa = PBXBuildFile; productRef = F0D684C92CCBDBB3003DB0B1 /* FirebaseAuth */; };
		F0D684CC2CCBDBB3003DB0B1 /* FirebaseFirestore in Frameworks */ = {isa = PBXBuildFile; productRef = F0D684CB2CCBDBB3003DB0B1 /* FirebaseFirestore */; };
		F0D684CE2CCBE471003DB0B1 /* GoogleService-Info.plist in Resources */ = {isa = PBXBuildFile; fileRef = F0D684CD2CCBE470003DB0B1 /* GoogleService-Info.plist */; };
		F0D684D02CCBE5A2003DB0B1 /* LoginView.swift in Sources */ = {isa = PBXBuildFile; fileRef = F0D684CF2CCBE5A2003DB0B1 /* LoginView.swift */; };
		F0D684D22CCBE75E003DB0B1 /* SignUpView.swift in Sources */ = {isa = PBXBuildFile; fileRef = F0D684D12CCBE75E003DB0B1 /* SignUpView.swift */; };
		F0D684DD2CCBF545003DB0B1 /* ProfileView.swift in Sources */ = {isa = PBXBuildFile; fileRef = F0D684DC2CCBF545003DB0B1 /* ProfileView.swift */; };
		F0D684E12CCBF6A1003DB0B1 /* ProfileViewModel.swift in Sources */ = {isa = PBXBuildFile; fileRef = F0D684E02CCBF6A1003DB0B1 /* ProfileViewModel.swift */; };
		F0D684E32CCC139F003DB0B1 /* AuthManager.swift in Sources */ = {isa = PBXBuildFile; fileRef = F0D684E22CCC139F003DB0B1 /* AuthManager.swift */; };
		F0D684E62CCC15A9003DB0B1 /* LoginViewModel.swift in Sources */ = {isa = PBXBuildFile; fileRef = F0D684E52CCC15A9003DB0B1 /* LoginViewModel.swift */; };
		F0D684EA2CCC17EE003DB0B1 /* SignUpViewModel.swift in Sources */ = {isa = PBXBuildFile; fileRef = F0D684E92CCC17EE003DB0B1 /* SignUpViewModel.swift */; };
/* End PBXBuildFile section */

/* Begin PBXContainerItemProxy section */
		F0B549192D834124009ADFA8 /* PBXContainerItemProxy */ = {
			isa = PBXContainerItemProxy;
			containerPortal = F08FFC2A2C7245BE0011A378 /* Project object */;
			proxyType = 1;
			remoteGlobalIDString = F0B549052D834123009ADFA8;
			remoteInfo = TodoWidgetExtension;
		};
/* End PBXContainerItemProxy section */

/* Begin PBXCopyFilesBuildPhase section */
		F0B5491C2D834124009ADFA8 /* Embed Foundation Extensions */ = {
			isa = PBXCopyFilesBuildPhase;
			buildActionMask = 2147483647;
			dstPath = "";
			dstSubfolderSpec = 13;
			files = (
				F0B5491B2D834124009ADFA8 /* TodoWidgetExtension.appex in Embed Foundation Extensions */,
			);
			name = "Embed Foundation Extensions";
			runOnlyForDeploymentPostprocessing = 0;
		};
/* End PBXCopyFilesBuildPhase section */

/* Begin PBXFileReference section */
		F00FCBB52C73CA8900F45A30 /* TodoDetailsView.swift */ = {isa = PBXFileReference; lastKnownFileType = sourcecode.swift; path = TodoDetailsView.swift; sourceTree = "<group>"; };
		F00FCBB82C73CBE300F45A30 /* TodoDetailsViewModel.swift */ = {isa = PBXFileReference; lastKnownFileType = sourcecode.swift; path = TodoDetailsViewModel.swift; sourceTree = "<group>"; };
		F00FCBBC2C74E88D00F45A30 /* TodosListSectionView.swift */ = {isa = PBXFileReference; lastKnownFileType = sourcecode.swift; path = TodosListSectionView.swift; sourceTree = "<group>"; };
		F0110D7F2CD02C2B00EE54AD /* OtherExtentions.swift */ = {isa = PBXFileReference; lastKnownFileType = sourcecode.swift; path = OtherExtentions.swift; sourceTree = "<group>"; };
		F0267DA42C7FAA5C001C2FEB /* FoldersListView.swift */ = {isa = PBXFileReference; lastKnownFileType = sourcecode.swift; path = FoldersListView.swift; sourceTree = "<group>"; };
		F0267DA92C7FAFA5001C2FEB /* NewFolderView.swift */ = {isa = PBXFileReference; lastKnownFileType = sourcecode.swift; path = NewFolderView.swift; sourceTree = "<group>"; };
		F0267DAB2C7FBFF2001C2FEB /* FoldersView.swift */ = {isa = PBXFileReference; lastKnownFileType = sourcecode.swift; path = FoldersView.swift; sourceTree = "<group>"; };
		F0267DAD2C7FC37F001C2FEB /* FolderListItemView.swift */ = {isa = PBXFileReference; lastKnownFileType = sourcecode.swift; path = FolderListItemView.swift; sourceTree = "<group>"; };
		F0267DB02C808281001C2FEB /* EntitiesExtentions.swift */ = {isa = PBXFileReference; lastKnownFileType = sourcecode.swift; path = EntitiesExtentions.swift; sourceTree = "<group>"; };
		F0267DB42C808905001C2FEB /* FolderDetailsView.swift */ = {isa = PBXFileReference; lastKnownFileType = sourcecode.swift; path = FolderDetailsView.swift; sourceTree = "<group>"; };
		F0267DB72C808A59001C2FEB /* FolderDetailsViewModel.swift */ = {isa = PBXFileReference; lastKnownFileType = sourcecode.swift; path = FolderDetailsViewModel.swift; sourceTree = "<group>"; };
		F0267DB92C808D50001C2FEB /* AlertController.swift */ = {isa = PBXFileReference; lastKnownFileType = sourcecode.swift; path = AlertController.swift; sourceTree = "<group>"; };
		F02CFE772CF26A6E004ADDCA /* TodosForEachView.swift */ = {isa = PBXFileReference; lastKnownFileType = sourcecode.swift; path = TodosForEachView.swift; sourceTree = "<group>"; };
		F04777B12C73909600A3C7FA /* PreviewExtentions.swift */ = {isa = PBXFileReference; lastKnownFileType = sourcecode.swift; path = PreviewExtentions.swift; sourceTree = "<group>"; };
		F04777B32C73984000A3C7FA /* TodoListItemView.swift */ = {isa = PBXFileReference; lastKnownFileType = sourcecode.swift; path = TodoListItemView.swift; sourceTree = "<group>"; };
		F04E4AA92CCD0FBB00D931CF /* UserManager.swift */ = {isa = PBXFileReference; lastKnownFileType = sourcecode.swift; path = UserManager.swift; sourceTree = "<group>"; };
		F0774FCC2C986A7C00A9CA07 /* MainView.swift */ = {isa = PBXFileReference; lastKnownFileType = sourcecode.swift; path = MainView.swift; sourceTree = "<group>"; };
		F0774FCE2C986B1600A9CA07 /* HomeView.swift */ = {isa = PBXFileReference; lastKnownFileType = sourcecode.swift; path = HomeView.swift; sourceTree = "<group>"; };
		F0815EA82CCE4F8000A17781 /* FolderManager.swift */ = {isa = PBXFileReference; lastKnownFileType = sourcecode.swift; path = FolderManager.swift; sourceTree = "<group>"; };
		F0815EAB2CCE55CF00A17781 /* NewFodlerViewModel.swift */ = {isa = PBXFileReference; lastKnownFileType = sourcecode.swift; path = NewFodlerViewModel.swift; sourceTree = "<group>"; };
		F0815EAD2CCE5A4500A17781 /* TodoManager.swift */ = {isa = PBXFileReference; lastKnownFileType = sourcecode.swift; path = TodoManager.swift; sourceTree = "<group>"; };
		F08FD5352CE13F4900533AF0 /* TodoDataModel.xcdatamodel */ = {isa = PBXFileReference; lastKnownFileType = wrapper.xcdatamodel; path = TodoDataModel.xcdatamodel; sourceTree = "<group>"; };
		F08FFC322C7245BE0011A378 /* Todo.app */ = {isa = PBXFileReference; explicitFileType = wrapper.application; includeInIndex = 0; path = Todo.app; sourceTree = BUILT_PRODUCTS_DIR; };
		F08FFC352C7245BE0011A378 /* TodoApp.swift */ = {isa = PBXFileReference; lastKnownFileType = sourcecode.swift; path = TodoApp.swift; sourceTree = "<group>"; };
		F08FFC372C7245BE0011A378 /* FolderView.swift */ = {isa = PBXFileReference; lastKnownFileType = sourcecode.swift; path = FolderView.swift; sourceTree = "<group>"; };
		F08FFC392C7245C00011A378 /* Assets.xcassets */ = {isa = PBXFileReference; lastKnownFileType = folder.assetcatalog; path = Assets.xcassets; sourceTree = "<group>"; };
		F08FFC3C2C7245C00011A378 /* Preview Assets.xcassets */ = {isa = PBXFileReference; lastKnownFileType = folder.assetcatalog; path = "Preview Assets.xcassets"; sourceTree = "<group>"; };
		F08FFC3E2C7245C00011A378 /* Persistence.swift */ = {isa = PBXFileReference; lastKnownFileType = sourcecode.swift; path = Persistence.swift; sourceTree = "<group>"; };
		F08FFC4B2C7299F20011A378 /* NewTodoView.swift */ = {isa = PBXFileReference; lastKnownFileType = sourcecode.swift; path = NewTodoView.swift; sourceTree = "<group>"; };
		F08FFC502C7379970011A378 /* NewTodoViewModel.swift */ = {isa = PBXFileReference; lastKnownFileType = sourcecode.swift; path = NewTodoViewModel.swift; sourceTree = "<group>"; };
		F0B1F1F22C7759A2003ADBB2 /* README.md */ = {isa = PBXFileReference; lastKnownFileType = net.daringfireball.markdown; path = README.md; sourceTree = "<group>"; };
		F0B549062D834123009ADFA8 /* TodoWidgetExtension.appex */ = {isa = PBXFileReference; explicitFileType = "wrapper.app-extension"; includeInIndex = 0; path = TodoWidgetExtension.appex; sourceTree = BUILT_PRODUCTS_DIR; };
		F0B549072D834123009ADFA8 /* WidgetKit.framework */ = {isa = PBXFileReference; lastKnownFileType = wrapper.framework; name = WidgetKit.framework; path = System/Library/Frameworks/WidgetKit.framework; sourceTree = SDKROOT; };
		F0B549092D834123009ADFA8 /* SwiftUI.framework */ = {isa = PBXFileReference; lastKnownFileType = wrapper.framework; name = SwiftUI.framework; path = System/Library/Frameworks/SwiftUI.framework; sourceTree = SDKROOT; };
		F0D684CD2CCBE470003DB0B1 /* GoogleService-Info.plist */ = {isa = PBXFileReference; lastKnownFileType = text.plist.xml; path = "GoogleService-Info.plist"; sourceTree = "<group>"; };
		F0D684CF2CCBE5A2003DB0B1 /* LoginView.swift */ = {isa = PBXFileReference; lastKnownFileType = sourcecode.swift; path = LoginView.swift; sourceTree = "<group>"; };
		F0D684D12CCBE75E003DB0B1 /* SignUpView.swift */ = {isa = PBXFileReference; lastKnownFileType = sourcecode.swift; path = SignUpView.swift; sourceTree = "<group>"; };
		F0D684DC2CCBF545003DB0B1 /* ProfileView.swift */ = {isa = PBXFileReference; lastKnownFileType = sourcecode.swift; path = ProfileView.swift; sourceTree = "<group>"; };
		F0D684E02CCBF6A1003DB0B1 /* ProfileViewModel.swift */ = {isa = PBXFileReference; lastKnownFileType = sourcecode.swift; path = ProfileViewModel.swift; sourceTree = "<group>"; };
		F0D684E22CCC139F003DB0B1 /* AuthManager.swift */ = {isa = PBXFileReference; lastKnownFileType = sourcecode.swift; path = AuthManager.swift; sourceTree = "<group>"; };
		F0D684E52CCC15A9003DB0B1 /* LoginViewModel.swift */ = {isa = PBXFileReference; lastKnownFileType = sourcecode.swift; path = LoginViewModel.swift; sourceTree = "<group>"; };
		F0D684E92CCC17EE003DB0B1 /* SignUpViewModel.swift */ = {isa = PBXFileReference; lastKnownFileType = sourcecode.swift; path = SignUpViewModel.swift; sourceTree = "<group>"; };
/* End PBXFileReference section */

/* Begin PBXFileSystemSynchronizedBuildFileExceptionSet section */
		F0B5491F2D834124009ADFA8 /* PBXFileSystemSynchronizedBuildFileExceptionSet */ = {
			isa = PBXFileSystemSynchronizedBuildFileExceptionSet;
			membershipExceptions = (
				Info.plist,
			);
			target = F0B549052D834123009ADFA8 /* TodoWidgetExtension */;
		};
/* End PBXFileSystemSynchronizedBuildFileExceptionSet section */

/* Begin PBXFileSystemSynchronizedRootGroup section */
		F0B5490B2D834123009ADFA8 /* TodoWidget */ = {isa = PBXFileSystemSynchronizedRootGroup; exceptions = (F0B5491F2D834124009ADFA8 /* PBXFileSystemSynchronizedBuildFileExceptionSet */, ); explicitFileTypes = {}; explicitFolders = (); path = TodoWidget; sourceTree = "<group>"; };
/* End PBXFileSystemSynchronizedRootGroup section */

/* Begin PBXFrameworksBuildPhase section */
		F08FFC2F2C7245BE0011A378 /* Frameworks */ = {
			isa = PBXFrameworksBuildPhase;
			buildActionMask = 2147483647;
			files = (
				F0D684CA2CCBDBB3003DB0B1 /* FirebaseAuth in Frameworks */,
				F0D684CC2CCBDBB3003DB0B1 /* FirebaseFirestore in Frameworks */,
				F04E4AA82CCD0B8E00D931CF /* FirebaseFirestore in Frameworks */,
			);
			runOnlyForDeploymentPostprocessing = 0;
		};
		F0B549032D834123009ADFA8 /* Frameworks */ = {
			isa = PBXFrameworksBuildPhase;
			buildActionMask = 2147483647;
			files = (
				F0B5490A2D834123009ADFA8 /* SwiftUI.framework in Frameworks */,
				F0B549082D834123009ADFA8 /* WidgetKit.framework in Frameworks */,
			);
			runOnlyForDeploymentPostprocessing = 0;
		};
/* End PBXFrameworksBuildPhase section */

/* Begin PBXGroup section */
		F00FCBB72C73CBD200F45A30 /* TodoDetails */ = {
			isa = PBXGroup;
			children = (
				F00FCBB52C73CA8900F45A30 /* TodoDetailsView.swift */,
				F00FCBB82C73CBE300F45A30 /* TodoDetailsViewModel.swift */,
			);
			path = TodoDetails;
			sourceTree = "<group>";
		};
		F0267DAF2C808263001C2FEB /* Extentions */ = {
			isa = PBXGroup;
			children = (
				F04777B12C73909600A3C7FA /* PreviewExtentions.swift */,
				F0267DB02C808281001C2FEB /* EntitiesExtentions.swift */,
				F0110D7F2CD02C2B00EE54AD /* OtherExtentions.swift */,
			);
			path = Extentions;
			sourceTree = "<group>";
		};
		F0267DB62C808A44001C2FEB /* FolderDetails */ = {
			isa = PBXGroup;
			children = (
				F0267DB42C808905001C2FEB /* FolderDetailsView.swift */,
				F0267DB72C808A59001C2FEB /* FolderDetailsViewModel.swift */,
			);
			path = FolderDetails;
			sourceTree = "<group>";
		};
		F04E4AA62CCD0B8E00D931CF /* Frameworks */ = {
			isa = PBXGroup;
			children = (
				F0B549072D834123009ADFA8 /* WidgetKit.framework */,
				F0B549092D834123009ADFA8 /* SwiftUI.framework */,
			);
			name = Frameworks;
			sourceTree = "<group>";
		};
		F0815EAA2CCE55C000A17781 /* NewFolder */ = {
			isa = PBXGroup;
			children = (
				F0267DA92C7FAFA5001C2FEB /* NewFolderView.swift */,
				F0815EAB2CCE55CF00A17781 /* NewFodlerViewModel.swift */,
			);
			path = NewFolder;
			sourceTree = "<group>";
		};
		F08FFC292C7245BE0011A378 = {
			isa = PBXGroup;
			children = (
				F0B1F1F22C7759A2003ADBB2 /* README.md */,
				F08FFC342C7245BE0011A378 /* Todo */,
				F0B5490B2D834123009ADFA8 /* TodoWidget */,
				F04E4AA62CCD0B8E00D931CF /* Frameworks */,
				F08FFC332C7245BE0011A378 /* Products */,
			);
			sourceTree = "<group>";
		};
		F08FFC332C7245BE0011A378 /* Products */ = {
			isa = PBXGroup;
			children = (
				F08FFC322C7245BE0011A378 /* Todo.app */,
				F0B549062D834123009ADFA8 /* TodoWidgetExtension.appex */,
			);
			name = Products;
			sourceTree = "<group>";
		};
		F08FFC342C7245BE0011A378 /* Todo */ = {
			isa = PBXGroup;
			children = (
				F0D684EB2CCC298C003DB0B1 /* Controllers */,
				F0267DAF2C808263001C2FEB /* Extentions */,
				F08FFC482C7295C40011A378 /* Views */,
				F08FFC352C7245BE0011A378 /* TodoApp.swift */,
				F08FFC392C7245C00011A378 /* Assets.xcassets */,
				F0D684CD2CCBE470003DB0B1 /* GoogleService-Info.plist */,
				F08FFC3B2C7245C00011A378 /* Preview Content */,
				F08FD5342CE13F4900533AF0 /* TodoDataModel.xcdatamodeld */,
			);
			path = Todo;
			sourceTree = "<group>";
		};
		F08FFC3B2C7245C00011A378 /* Preview Content */ = {
			isa = PBXGroup;
			children = (
				F08FFC3C2C7245C00011A378 /* Preview Assets.xcassets */,
			);
			path = "Preview Content";
			sourceTree = "<group>";
		};
		F08FFC482C7295C40011A378 /* Views */ = {
			isa = PBXGroup;
			children = (
				F08FFC372C7245BE0011A378 /* FolderView.swift */,
				F0815EAA2CCE55C000A17781 /* NewFolder */,
				F0D684E72CCC17D6003DB0B1 /* SignUp */,
				F0D684E42CCC158A003DB0B1 /* Login */,
				F0D684DB2CCBF537003DB0B1 /* Profile */,
				F0267DB62C808A44001C2FEB /* FolderDetails */,
				F08FFC4D2C7379780011A378 /* NewTodo */,
				F00FCBB72C73CBD200F45A30 /* TodoDetails */,
				F0267DAB2C7FBFF2001C2FEB /* FoldersView.swift */,
				F02CFE772CF26A6E004ADDCA /* TodosForEachView.swift */,
				F0267DAD2C7FC37F001C2FEB /* FolderListItemView.swift */,
				F00FCBBC2C74E88D00F45A30 /* TodosListSectionView.swift */,
				F0774FCC2C986A7C00A9CA07 /* MainView.swift */,
				F0774FCE2C986B1600A9CA07 /* HomeView.swift */,
				F04777B32C73984000A3C7FA /* TodoListItemView.swift */,
				F0267DA42C7FAA5C001C2FEB /* FoldersListView.swift */,
			);
			path = Views;
			sourceTree = "<group>";
		};
		F08FFC4D2C7379780011A378 /* NewTodo */ = {
			isa = PBXGroup;
			children = (
				F08FFC4B2C7299F20011A378 /* NewTodoView.swift */,
				F08FFC502C7379970011A378 /* NewTodoViewModel.swift */,
			);
			path = NewTodo;
			sourceTree = "<group>";
		};
		F0D684DB2CCBF537003DB0B1 /* Profile */ = {
			isa = PBXGroup;
			children = (
				F0D684DC2CCBF545003DB0B1 /* ProfileView.swift */,
				F0D684E02CCBF6A1003DB0B1 /* ProfileViewModel.swift */,
			);
			path = Profile;
			sourceTree = "<group>";
		};
		F0D684E42CCC158A003DB0B1 /* Login */ = {
			isa = PBXGroup;
			children = (
				F0D684CF2CCBE5A2003DB0B1 /* LoginView.swift */,
				F0D684E52CCC15A9003DB0B1 /* LoginViewModel.swift */,
			);
			path = Login;
			sourceTree = "<group>";
		};
		F0D684E72CCC17D6003DB0B1 /* SignUp */ = {
			isa = PBXGroup;
			children = (
				F0D684D12CCBE75E003DB0B1 /* SignUpView.swift */,
				F0D684E92CCC17EE003DB0B1 /* SignUpViewModel.swift */,
			);
			path = SignUp;
			sourceTree = "<group>";
		};
		F0D684EB2CCC298C003DB0B1 /* Controllers */ = {
			isa = PBXGroup;
			children = (
				F08FFC3E2C7245C00011A378 /* Persistence.swift */,
				F0D684E22CCC139F003DB0B1 /* AuthManager.swift */,
				F0267DB92C808D50001C2FEB /* AlertController.swift */,
				F04E4AA92CCD0FBB00D931CF /* UserManager.swift */,
				F0815EA82CCE4F8000A17781 /* FolderManager.swift */,
				F0815EAD2CCE5A4500A17781 /* TodoManager.swift */,
			);
			path = Controllers;
			sourceTree = "<group>";
		};
/* End PBXGroup section */

/* Begin PBXNativeTarget section */
		F08FFC312C7245BE0011A378 /* Todo */ = {
			isa = PBXNativeTarget;
			buildConfigurationList = F08FFC452C7245C00011A378 /* Build configuration list for PBXNativeTarget "Todo" */;
			buildPhases = (
				F08FFC2E2C7245BE0011A378 /* Sources */,
				F08FFC2F2C7245BE0011A378 /* Frameworks */,
				F08FFC302C7245BE0011A378 /* Resources */,
				F0B5491C2D834124009ADFA8 /* Embed Foundation Extensions */,
			);
			buildRules = (
			);
			dependencies = (
				F0B5491A2D834124009ADFA8 /* PBXTargetDependency */,
			);
			name = Todo;
			productName = Todo;
			productReference = F08FFC322C7245BE0011A378 /* Todo.app */;
			productType = "com.apple.product-type.application";
		};
		F0B549052D834123009ADFA8 /* TodoWidgetExtension */ = {
			isa = PBXNativeTarget;
			buildConfigurationList = F0B549202D834124009ADFA8 /* Build configuration list for PBXNativeTarget "TodoWidgetExtension" */;
			buildPhases = (
				F0B549022D834123009ADFA8 /* Sources */,
				F0B549032D834123009ADFA8 /* Frameworks */,
				F0B549042D834123009ADFA8 /* Resources */,
			);
			buildRules = (
			);
			dependencies = (
			);
			fileSystemSynchronizedGroups = (
				F0B5490B2D834123009ADFA8 /* TodoWidget */,
			);
			name = TodoWidgetExtension;
			packageProductDependencies = (
			);
			productName = TodoWidgetExtension;
			productReference = F0B549062D834123009ADFA8 /* TodoWidgetExtension.appex */;
			productType = "com.apple.product-type.app-extension";
		};
/* End PBXNativeTarget section */

/* Begin PBXProject section */
		F08FFC2A2C7245BE0011A378 /* Project object */ = {
			isa = PBXProject;
			attributes = {
				BuildIndependentTargetsInParallel = 1;
				LastSwiftUpdateCheck = 1620;
				LastUpgradeCheck = 1540;
				TargetAttributes = {
					F08FFC312C7245BE0011A378 = {
						CreatedOnToolsVersion = 15.4;
					};
					F0B549052D834123009ADFA8 = {
						CreatedOnToolsVersion = 16.2;
					};
				};
			};
			buildConfigurationList = F08FFC2D2C7245BE0011A378 /* Build configuration list for PBXProject "Todo" */;
			compatibilityVersion = "Xcode 14.0";
			developmentRegion = en;
			hasScannedForEncodings = 0;
			knownRegions = (
				en,
				Base,
			);
			mainGroup = F08FFC292C7245BE0011A378;
			packageReferences = (
				F0D684C82CCBDBB3003DB0B1 /* XCRemoteSwiftPackageReference "firebase-ios-sdk" */,
			);
			productRefGroup = F08FFC332C7245BE0011A378 /* Products */;
			projectDirPath = "";
			projectRoot = "";
			targets = (
				F08FFC312C7245BE0011A378 /* Todo */,
				F0B549052D834123009ADFA8 /* TodoWidgetExtension */,
			);
		};
/* End PBXProject section */

/* Begin PBXResourcesBuildPhase section */
		F08FFC302C7245BE0011A378 /* Resources */ = {
			isa = PBXResourcesBuildPhase;
			buildActionMask = 2147483647;
			files = (
				F08FFC3D2C7245C00011A378 /* Preview Assets.xcassets in Resources */,
				F08FFC3A2C7245C00011A378 /* Assets.xcassets in Resources */,
				F0D684CE2CCBE471003DB0B1 /* GoogleService-Info.plist in Resources */,
			);
			runOnlyForDeploymentPostprocessing = 0;
		};
		F0B549042D834123009ADFA8 /* Resources */ = {
			isa = PBXResourcesBuildPhase;
			buildActionMask = 2147483647;
			files = (
			);
			runOnlyForDeploymentPostprocessing = 0;
		};
/* End PBXResourcesBuildPhase section */

/* Begin PBXSourcesBuildPhase section */
		F08FFC2E2C7245BE0011A378 /* Sources */ = {
			isa = PBXSourcesBuildPhase;
			buildActionMask = 2147483647;
			files = (
				F08FFC512C7379970011A378 /* NewTodoViewModel.swift in Sources */,
				F00FCBB92C73CBE300F45A30 /* TodoDetailsViewModel.swift in Sources */,
				F0D684E62CCC15A9003DB0B1 /* LoginViewModel.swift in Sources */,
				F0267DB52C808905001C2FEB /* FolderDetailsView.swift in Sources */,
				F08FFC3F2C7245C00011A378 /* Persistence.swift in Sources */,
				F0815EA92CCE4F8000A17781 /* FolderManager.swift in Sources */,
				F0267DBA2C808D50001C2FEB /* AlertController.swift in Sources */,
				F0267DAC2C7FBFF2001C2FEB /* FoldersView.swift in Sources */,
				F0D684D02CCBE5A2003DB0B1 /* LoginView.swift in Sources */,
				F08FD5362CE13F4900533AF0 /* TodoDataModel.xcdatamodeld in Sources */,
				F0267DB12C808281001C2FEB /* EntitiesExtentions.swift in Sources */,
				F02CFE782CF26A6E004ADDCA /* TodosForEachView.swift in Sources */,
				F0774FCD2C986A7C00A9CA07 /* MainView.swift in Sources */,
				F0D684E12CCBF6A1003DB0B1 /* ProfileViewModel.swift in Sources */,
				F0267DAE2C7FC37F001C2FEB /* FolderListItemView.swift in Sources */,
				F00FCBB62C73CA8900F45A30 /* TodoDetailsView.swift in Sources */,
				F0D684EA2CCC17EE003DB0B1 /* SignUpViewModel.swift in Sources */,
				F08FFC382C7245BE0011A378 /* FolderView.swift in Sources */,
				F0815EAC2CCE55CF00A17781 /* NewFodlerViewModel.swift in Sources */,
				F00FCBBD2C74E88D00F45A30 /* TodosListSectionView.swift in Sources */,
				F0267DA52C7FAA5C001C2FEB /* FoldersListView.swift in Sources */,
				F0D684D22CCBE75E003DB0B1 /* SignUpView.swift in Sources */,
				F04777B22C73909600A3C7FA /* PreviewExtentions.swift in Sources */,
				F08FFC4C2C7299F20011A378 /* NewTodoView.swift in Sources */,
				F0D684DD2CCBF545003DB0B1 /* ProfileView.swift in Sources */,
				F0815EAE2CCE5A4500A17781 /* TodoManager.swift in Sources */,
				F04E4AAA2CCD0FBB00D931CF /* UserManager.swift in Sources */,
				F04777B42C73984000A3C7FA /* TodoListItemView.swift in Sources */,
				F0D684E32CCC139F003DB0B1 /* AuthManager.swift in Sources */,
				F08FFC362C7245BE0011A378 /* TodoApp.swift in Sources */,
				F0267DB82C808A59001C2FEB /* FolderDetailsViewModel.swift in Sources */,
				F0267DAA2C7FAFA5001C2FEB /* NewFolderView.swift in Sources */,
				F0774FCF2C986B1600A9CA07 /* HomeView.swift in Sources */,
				F0110D802CD02C2B00EE54AD /* OtherExtentions.swift in Sources */,
			);
			runOnlyForDeploymentPostprocessing = 0;
		};
		F0B549022D834123009ADFA8 /* Sources */ = {
			isa = PBXSourcesBuildPhase;
			buildActionMask = 2147483647;
			files = (
			);
			runOnlyForDeploymentPostprocessing = 0;
		};
/* End PBXSourcesBuildPhase section */

/* Begin PBXTargetDependency section */
		F0B5491A2D834124009ADFA8 /* PBXTargetDependency */ = {
			isa = PBXTargetDependency;
			target = F0B549052D834123009ADFA8 /* TodoWidgetExtension */;
			targetProxy = F0B549192D834124009ADFA8 /* PBXContainerItemProxy */;
		};
/* End PBXTargetDependency section */

/* Begin XCBuildConfiguration section */
		F08FFC432C7245C00011A378 /* Debug */ = {
			isa = XCBuildConfiguration;
			buildSettings = {
				ALWAYS_SEARCH_USER_PATHS = NO;
				ASSETCATALOG_COMPILER_GENERATE_SWIFT_ASSET_SYMBOL_EXTENSIONS = YES;
				CLANG_ANALYZER_NONNULL = YES;
				CLANG_ANALYZER_NUMBER_OBJECT_CONVERSION = YES_AGGRESSIVE;
				CLANG_CXX_LANGUAGE_STANDARD = "gnu++20";
				CLANG_ENABLE_MODULES = YES;
				CLANG_ENABLE_OBJC_ARC = YES;
				CLANG_ENABLE_OBJC_WEAK = YES;
				CLANG_WARN_BLOCK_CAPTURE_AUTORELEASING = YES;
				CLANG_WARN_BOOL_CONVERSION = YES;
				CLANG_WARN_COMMA = YES;
				CLANG_WARN_CONSTANT_CONVERSION = YES;
				CLANG_WARN_DEPRECATED_OBJC_IMPLEMENTATIONS = YES;
				CLANG_WARN_DIRECT_OBJC_ISA_USAGE = YES_ERROR;
				CLANG_WARN_DOCUMENTATION_COMMENTS = YES;
				CLANG_WARN_EMPTY_BODY = YES;
				CLANG_WARN_ENUM_CONVERSION = YES;
				CLANG_WARN_INFINITE_RECURSION = YES;
				CLANG_WARN_INT_CONVERSION = YES;
				CLANG_WARN_NON_LITERAL_NULL_CONVERSION = YES;
				CLANG_WARN_OBJC_IMPLICIT_RETAIN_SELF = YES;
				CLANG_WARN_OBJC_LITERAL_CONVERSION = YES;
				CLANG_WARN_OBJC_ROOT_CLASS = YES_ERROR;
				CLANG_WARN_QUOTED_INCLUDE_IN_FRAMEWORK_HEADER = YES;
				CLANG_WARN_RANGE_LOOP_ANALYSIS = YES;
				CLANG_WARN_STRICT_PROTOTYPES = YES;
				CLANG_WARN_SUSPICIOUS_MOVE = YES;
				CLANG_WARN_UNGUARDED_AVAILABILITY = YES_AGGRESSIVE;
				CLANG_WARN_UNREACHABLE_CODE = YES;
				CLANG_WARN__DUPLICATE_METHOD_MATCH = YES;
				COPY_PHASE_STRIP = NO;
				DEBUG_INFORMATION_FORMAT = dwarf;
				ENABLE_STRICT_OBJC_MSGSEND = YES;
				ENABLE_TESTABILITY = YES;
				ENABLE_USER_SCRIPT_SANDBOXING = YES;
				GCC_C_LANGUAGE_STANDARD = gnu17;
				GCC_DYNAMIC_NO_PIC = NO;
				GCC_NO_COMMON_BLOCKS = YES;
				GCC_OPTIMIZATION_LEVEL = 0;
				GCC_PREPROCESSOR_DEFINITIONS = (
					"DEBUG=1",
					"$(inherited)",
				);
				GCC_WARN_64_TO_32_BIT_CONVERSION = YES;
				GCC_WARN_ABOUT_RETURN_TYPE = YES_ERROR;
				GCC_WARN_UNDECLARED_SELECTOR = YES;
				GCC_WARN_UNINITIALIZED_AUTOS = YES_AGGRESSIVE;
				GCC_WARN_UNUSED_FUNCTION = YES;
				GCC_WARN_UNUSED_VARIABLE = YES;
				IPHONEOS_DEPLOYMENT_TARGET = 17.5;
				LOCALIZATION_PREFERS_STRING_CATALOGS = YES;
				MTL_ENABLE_DEBUG_INFO = INCLUDE_SOURCE;
				MTL_FAST_MATH = YES;
				ONLY_ACTIVE_ARCH = YES;
				SDKROOT = iphoneos;
				SWIFT_ACTIVE_COMPILATION_CONDITIONS = "DEBUG $(inherited)";
				SWIFT_OPTIMIZATION_LEVEL = "-Onone";
			};
			name = Debug;
		};
		F08FFC442C7245C00011A378 /* Release */ = {
			isa = XCBuildConfiguration;
			buildSettings = {
				ALWAYS_SEARCH_USER_PATHS = NO;
				ASSETCATALOG_COMPILER_GENERATE_SWIFT_ASSET_SYMBOL_EXTENSIONS = YES;
				CLANG_ANALYZER_NONNULL = YES;
				CLANG_ANALYZER_NUMBER_OBJECT_CONVERSION = YES_AGGRESSIVE;
				CLANG_CXX_LANGUAGE_STANDARD = "gnu++20";
				CLANG_ENABLE_MODULES = YES;
				CLANG_ENABLE_OBJC_ARC = YES;
				CLANG_ENABLE_OBJC_WEAK = YES;
				CLANG_WARN_BLOCK_CAPTURE_AUTORELEASING = YES;
				CLANG_WARN_BOOL_CONVERSION = YES;
				CLANG_WARN_COMMA = YES;
				CLANG_WARN_CONSTANT_CONVERSION = YES;
				CLANG_WARN_DEPRECATED_OBJC_IMPLEMENTATIONS = YES;
				CLANG_WARN_DIRECT_OBJC_ISA_USAGE = YES_ERROR;
				CLANG_WARN_DOCUMENTATION_COMMENTS = YES;
				CLANG_WARN_EMPTY_BODY = YES;
				CLANG_WARN_ENUM_CONVERSION = YES;
				CLANG_WARN_INFINITE_RECURSION = YES;
				CLANG_WARN_INT_CONVERSION = YES;
				CLANG_WARN_NON_LITERAL_NULL_CONVERSION = YES;
				CLANG_WARN_OBJC_IMPLICIT_RETAIN_SELF = YES;
				CLANG_WARN_OBJC_LITERAL_CONVERSION = YES;
				CLANG_WARN_OBJC_ROOT_CLASS = YES_ERROR;
				CLANG_WARN_QUOTED_INCLUDE_IN_FRAMEWORK_HEADER = YES;
				CLANG_WARN_RANGE_LOOP_ANALYSIS = YES;
				CLANG_WARN_STRICT_PROTOTYPES = YES;
				CLANG_WARN_SUSPICIOUS_MOVE = YES;
				CLANG_WARN_UNGUARDED_AVAILABILITY = YES_AGGRESSIVE;
				CLANG_WARN_UNREACHABLE_CODE = YES;
				CLANG_WARN__DUPLICATE_METHOD_MATCH = YES;
				COPY_PHASE_STRIP = NO;
				DEBUG_INFORMATION_FORMAT = "dwarf-with-dsym";
				ENABLE_NS_ASSERTIONS = NO;
				ENABLE_STRICT_OBJC_MSGSEND = YES;
				ENABLE_USER_SCRIPT_SANDBOXING = YES;
				GCC_C_LANGUAGE_STANDARD = gnu17;
				GCC_NO_COMMON_BLOCKS = YES;
				GCC_WARN_64_TO_32_BIT_CONVERSION = YES;
				GCC_WARN_ABOUT_RETURN_TYPE = YES_ERROR;
				GCC_WARN_UNDECLARED_SELECTOR = YES;
				GCC_WARN_UNINITIALIZED_AUTOS = YES_AGGRESSIVE;
				GCC_WARN_UNUSED_FUNCTION = YES;
				GCC_WARN_UNUSED_VARIABLE = YES;
				IPHONEOS_DEPLOYMENT_TARGET = 17.5;
				LOCALIZATION_PREFERS_STRING_CATALOGS = YES;
				MTL_ENABLE_DEBUG_INFO = NO;
				MTL_FAST_MATH = YES;
				SDKROOT = iphoneos;
				SWIFT_COMPILATION_MODE = wholemodule;
				VALIDATE_PRODUCT = YES;
			};
			name = Release;
		};
		F08FFC462C7245C00011A378 /* Debug */ = {
			isa = XCBuildConfiguration;
			buildSettings = {
				ASSETCATALOG_COMPILER_APPICON_NAME = AppIcon;
				ASSETCATALOG_COMPILER_GLOBAL_ACCENT_COLOR_NAME = AccentColor;
				CODE_SIGN_STYLE = Automatic;
				CURRENT_PROJECT_VERSION = 1;
				DEVELOPMENT_ASSET_PATHS = "\"Todo/Preview Content\"";
				DEVELOPMENT_TEAM = 5SHG2N4683;
				ENABLE_PREVIEWS = YES;
				GENERATE_INFOPLIST_FILE = YES;
				INFOPLIST_KEY_UIApplicationSceneManifest_Generation = YES;
				INFOPLIST_KEY_UIApplicationSupportsIndirectInputEvents = YES;
				INFOPLIST_KEY_UILaunchScreen_Generation = YES;
				INFOPLIST_KEY_UISupportedInterfaceOrientations_iPad = "UIInterfaceOrientationPortrait UIInterfaceOrientationPortraitUpsideDown UIInterfaceOrientationLandscapeLeft UIInterfaceOrientationLandscapeRight";
				INFOPLIST_KEY_UISupportedInterfaceOrientations_iPhone = "UIInterfaceOrientationPortrait UIInterfaceOrientationLandscapeLeft UIInterfaceOrientationLandscapeRight";
				LD_RUNPATH_SEARCH_PATHS = (
					"$(inherited)",
					"@executable_path/Frameworks",
				);
				MARKETING_VERSION = 1.0;
				PRODUCT_BUNDLE_IDENTIFIER = nixywex.Todo;
				PRODUCT_NAME = "$(TARGET_NAME)";
				SUPPORTED_PLATFORMS = "iphoneos iphonesimulator";
				SUPPORTS_MACCATALYST = NO;
				SUPPORTS_MAC_DESIGNED_FOR_IPHONE_IPAD = NO;
				SUPPORTS_XR_DESIGNED_FOR_IPHONE_IPAD = NO;
				SWIFT_EMIT_LOC_STRINGS = YES;
				SWIFT_VERSION = 5.0;
				TARGETED_DEVICE_FAMILY = "1,2";
			};
			name = Debug;
		};
		F08FFC472C7245C00011A378 /* Release */ = {
			isa = XCBuildConfiguration;
			buildSettings = {
				ASSETCATALOG_COMPILER_APPICON_NAME = AppIcon;
				ASSETCATALOG_COMPILER_GLOBAL_ACCENT_COLOR_NAME = AccentColor;
				CODE_SIGN_STYLE = Automatic;
				CURRENT_PROJECT_VERSION = 1;
				DEVELOPMENT_ASSET_PATHS = "\"Todo/Preview Content\"";
				DEVELOPMENT_TEAM = 5SHG2N4683;
				ENABLE_PREVIEWS = YES;
				GENERATE_INFOPLIST_FILE = YES;
				INFOPLIST_KEY_UIApplicationSceneManifest_Generation = YES;
				INFOPLIST_KEY_UIApplicationSupportsIndirectInputEvents = YES;
				INFOPLIST_KEY_UILaunchScreen_Generation = YES;
				INFOPLIST_KEY_UISupportedInterfaceOrientations_iPad = "UIInterfaceOrientationPortrait UIInterfaceOrientationPortraitUpsideDown UIInterfaceOrientationLandscapeLeft UIInterfaceOrientationLandscapeRight";
				INFOPLIST_KEY_UISupportedInterfaceOrientations_iPhone = "UIInterfaceOrientationPortrait UIInterfaceOrientationLandscapeLeft UIInterfaceOrientationLandscapeRight";
				LD_RUNPATH_SEARCH_PATHS = (
					"$(inherited)",
					"@executable_path/Frameworks",
				);
				MARKETING_VERSION = 1.0;
				PRODUCT_BUNDLE_IDENTIFIER = nixywex.Todo;
				PRODUCT_NAME = "$(TARGET_NAME)";
				SUPPORTED_PLATFORMS = "iphoneos iphonesimulator";
				SUPPORTS_MACCATALYST = NO;
				SUPPORTS_MAC_DESIGNED_FOR_IPHONE_IPAD = NO;
				SUPPORTS_XR_DESIGNED_FOR_IPHONE_IPAD = NO;
				SWIFT_EMIT_LOC_STRINGS = YES;
				SWIFT_VERSION = 5.0;
				TARGETED_DEVICE_FAMILY = "1,2";
			};
			name = Release;
		};
		F0B5491D2D834124009ADFA8 /* Debug */ = {
			isa = XCBuildConfiguration;
			buildSettings = {
				ASSETCATALOG_COMPILER_GLOBAL_ACCENT_COLOR_NAME = AccentColor;
				ASSETCATALOG_COMPILER_WIDGET_BACKGROUND_COLOR_NAME = WidgetBackground;
				CODE_SIGN_STYLE = Automatic;
				CURRENT_PROJECT_VERSION = 1;
				DEVELOPMENT_TEAM = 5SHG2N4683;
				GENERATE_INFOPLIST_FILE = YES;
				INFOPLIST_FILE = TodoWidget/Info.plist;
				INFOPLIST_KEY_CFBundleDisplayName = TodoWidget;
				INFOPLIST_KEY_NSHumanReadableCopyright = "";
				IPHONEOS_DEPLOYMENT_TARGET = 18.2;
				LD_RUNPATH_SEARCH_PATHS = (
					"$(inherited)",
					"@executable_path/Frameworks",
					"@executable_path/../../Frameworks",
				);
				MARKETING_VERSION = 1.0;
				PRODUCT_BUNDLE_IDENTIFIER = nixywex.Todo.TodoWidget;
				PRODUCT_NAME = "$(TARGET_NAME)";
				SKIP_INSTALL = YES;
				SWIFT_EMIT_LOC_STRINGS = YES;
				SWIFT_VERSION = 5.0;
				TARGETED_DEVICE_FAMILY = "1,2";
			};
			name = Debug;
		};
		F0B5491E2D834124009ADFA8 /* Release */ = {
			isa = XCBuildConfiguration;
			buildSettings = {
				ASSETCATALOG_COMPILER_GLOBAL_ACCENT_COLOR_NAME = AccentColor;
				ASSETCATALOG_COMPILER_WIDGET_BACKGROUND_COLOR_NAME = WidgetBackground;
				CODE_SIGN_STYLE = Automatic;
				CURRENT_PROJECT_VERSION = 1;
				DEVELOPMENT_TEAM = 5SHG2N4683;
				GENERATE_INFOPLIST_FILE = YES;
				INFOPLIST_FILE = TodoWidget/Info.plist;
				INFOPLIST_KEY_CFBundleDisplayName = TodoWidget;
				INFOPLIST_KEY_NSHumanReadableCopyright = "";
				IPHONEOS_DEPLOYMENT_TARGET = 18.2;
				LD_RUNPATH_SEARCH_PATHS = (
					"$(inherited)",
					"@executable_path/Frameworks",
					"@executable_path/../../Frameworks",
				);
				MARKETING_VERSION = 1.0;
				PRODUCT_BUNDLE_IDENTIFIER = nixywex.Todo.TodoWidget;
				PRODUCT_NAME = "$(TARGET_NAME)";
				SKIP_INSTALL = YES;
				SWIFT_EMIT_LOC_STRINGS = YES;
				SWIFT_VERSION = 5.0;
				TARGETED_DEVICE_FAMILY = "1,2";
			};
			name = Release;
		};
/* End XCBuildConfiguration section */

/* Begin XCConfigurationList section */
		F08FFC2D2C7245BE0011A378 /* Build configuration list for PBXProject "Todo" */ = {
			isa = XCConfigurationList;
			buildConfigurations = (
				F08FFC432C7245C00011A378 /* Debug */,
				F08FFC442C7245C00011A378 /* Release */,
			);
			defaultConfigurationIsVisible = 0;
			defaultConfigurationName = Release;
		};
		F08FFC452C7245C00011A378 /* Build configuration list for PBXNativeTarget "Todo" */ = {
			isa = XCConfigurationList;
			buildConfigurations = (
				F08FFC462C7245C00011A378 /* Debug */,
				F08FFC472C7245C00011A378 /* Release */,
			);
			defaultConfigurationIsVisible = 0;
			defaultConfigurationName = Release;
		};
		F0B549202D834124009ADFA8 /* Build configuration list for PBXNativeTarget "TodoWidgetExtension" */ = {
			isa = XCConfigurationList;
			buildConfigurations = (
				F0B5491D2D834124009ADFA8 /* Debug */,
				F0B5491E2D834124009ADFA8 /* Release */,
			);
			defaultConfigurationIsVisible = 0;
			defaultConfigurationName = Release;
		};
/* End XCConfigurationList section */

/* Begin XCRemoteSwiftPackageReference section */
		F0D684C82CCBDBB3003DB0B1 /* XCRemoteSwiftPackageReference "firebase-ios-sdk" */ = {
			isa = XCRemoteSwiftPackageReference;
			repositoryURL = "https://github.com/firebase/firebase-ios-sdk";
			requirement = {
				kind = upToNextMajorVersion;
				minimumVersion = 11.4.0;
			};
		};
/* End XCRemoteSwiftPackageReference section */

/* Begin XCSwiftPackageProductDependency section */
		F04E4AA72CCD0B8E00D931CF /* FirebaseFirestore */ = {
			isa = XCSwiftPackageProductDependency;
			package = F0D684C82CCBDBB3003DB0B1 /* XCRemoteSwiftPackageReference "firebase-ios-sdk" */;
			productName = FirebaseFirestore;
		};
		F0D684C92CCBDBB3003DB0B1 /* FirebaseAuth */ = {
			isa = XCSwiftPackageProductDependency;
			package = F0D684C82CCBDBB3003DB0B1 /* XCRemoteSwiftPackageReference "firebase-ios-sdk" */;
			productName = FirebaseAuth;
		};
		F0D684CB2CCBDBB3003DB0B1 /* FirebaseFirestore */ = {
			isa = XCSwiftPackageProductDependency;
			package = F0D684C82CCBDBB3003DB0B1 /* XCRemoteSwiftPackageReference "firebase-ios-sdk" */;
			productName = FirebaseFirestore;
		};
/* End XCSwiftPackageProductDependency section */

/* Begin XCVersionGroup section */
		F08FD5342CE13F4900533AF0 /* TodoDataModel.xcdatamodeld */ = {
			isa = XCVersionGroup;
			children = (
				F08FD5352CE13F4900533AF0 /* TodoDataModel.xcdatamodel */,
			);
			currentVersion = F08FD5352CE13F4900533AF0 /* TodoDataModel.xcdatamodel */;
			path = TodoDataModel.xcdatamodeld;
			sourceTree = "<group>";
			versionGroupType = wrapper.xcdatamodel;
		};
/* End XCVersionGroup section */
	};
	rootObject = F08FFC2A2C7245BE0011A378 /* Project object */;
}
