// !$*UTF8*$!
{
	archiveVersion = 1;
	classes = {
	};
	objectVersion = 56;
	objects = {

/* Begin PBXBuildFile section */
		F00FCBB62C73CA8900F45A30 /* TodoDetailsView.swift in Sources */ = {isa = PBXBuildFile; fileRef = F00FCBB52C73CA8900F45A30 /* TodoDetailsView.swift */; };
		F00FCBB92C73CBE300F45A30 /* TodoDetailsViewModel.swift in Sources */ = {isa = PBXBuildFile; fileRef = F00FCBB82C73CBE300F45A30 /* TodoDetailsViewModel.swift */; };
		F00FCBBD2C74E88D00F45A30 /* TodosListSectionView.swift in Sources */ = {isa = PBXBuildFile; fileRef = F00FCBBC2C74E88D00F45A30 /* TodosListSectionView.swift */; };
		F0267DA52C7FAA5C001C2FEB /* FoldersListView.swift in Sources */ = {isa = PBXBuildFile; fileRef = F0267DA42C7FAA5C001C2FEB /* FoldersListView.swift */; };
		F0267DAA2C7FAFA5001C2FEB /* NewFolderView.swift in Sources */ = {isa = PBXBuildFile; fileRef = F0267DA92C7FAFA5001C2FEB /* NewFolderView.swift */; };
		F0267DAC2C7FBFF2001C2FEB /* HomeView.swift in Sources */ = {isa = PBXBuildFile; fileRef = F0267DAB2C7FBFF2001C2FEB /* HomeView.swift */; };
		F0267DAE2C7FC37F001C2FEB /* FolderListItemView.swift in Sources */ = {isa = PBXBuildFile; fileRef = F0267DAD2C7FC37F001C2FEB /* FolderListItemView.swift */; };
		F0267DB12C808281001C2FEB /* TodoEntityExtentions.swift in Sources */ = {isa = PBXBuildFile; fileRef = F0267DB02C808281001C2FEB /* TodoEntityExtentions.swift */; };
		F0267DB32C8082AB001C2FEB /* FolderEntityExtentions.swift in Sources */ = {isa = PBXBuildFile; fileRef = F0267DB22C8082AB001C2FEB /* FolderEntityExtentions.swift */; };
		F0267DB52C808905001C2FEB /* FolderDetailsView.swift in Sources */ = {isa = PBXBuildFile; fileRef = F0267DB42C808905001C2FEB /* FolderDetailsView.swift */; };
		F0267DB82C808A59001C2FEB /* FolderDetailsViewModel.swift in Sources */ = {isa = PBXBuildFile; fileRef = F0267DB72C808A59001C2FEB /* FolderDetailsViewModel.swift */; };
		F0267DBA2C808D50001C2FEB /* AlertController.swift in Sources */ = {isa = PBXBuildFile; fileRef = F0267DB92C808D50001C2FEB /* AlertController.swift */; };
		F04777B22C73909600A3C7FA /* PreviewExtentions.swift in Sources */ = {isa = PBXBuildFile; fileRef = F04777B12C73909600A3C7FA /* PreviewExtentions.swift */; };
		F04777B42C73984000A3C7FA /* TodoListItemView.swift in Sources */ = {isa = PBXBuildFile; fileRef = F04777B32C73984000A3C7FA /* TodoListItemView.swift */; };
		F08FFC362C7245BE0011A378 /* TodoApp.swift in Sources */ = {isa = PBXBuildFile; fileRef = F08FFC352C7245BE0011A378 /* TodoApp.swift */; };
		F08FFC382C7245BE0011A378 /* FolderView.swift in Sources */ = {isa = PBXBuildFile; fileRef = F08FFC372C7245BE0011A378 /* FolderView.swift */; };
		F08FFC3A2C7245C00011A378 /* Assets.xcassets in Resources */ = {isa = PBXBuildFile; fileRef = F08FFC392C7245C00011A378 /* Assets.xcassets */; };
		F08FFC3D2C7245C00011A378 /* Preview Assets.xcassets in Resources */ = {isa = PBXBuildFile; fileRef = F08FFC3C2C7245C00011A378 /* Preview Assets.xcassets */; };
		F08FFC3F2C7245C00011A378 /* Persistence.swift in Sources */ = {isa = PBXBuildFile; fileRef = F08FFC3E2C7245C00011A378 /* Persistence.swift */; };
		F08FFC422C7245C00011A378 /* Todo.xcdatamodeld in Sources */ = {isa = PBXBuildFile; fileRef = F08FFC402C7245C00011A378 /* Todo.xcdatamodeld */; };
		F08FFC4A2C7295F70011A378 /* TodosListView.swift in Sources */ = {isa = PBXBuildFile; fileRef = F08FFC492C7295F70011A378 /* TodosListView.swift */; };
		F08FFC4C2C7299F20011A378 /* NewTodoView.swift in Sources */ = {isa = PBXBuildFile; fileRef = F08FFC4B2C7299F20011A378 /* NewTodoView.swift */; };
		F08FFC512C7379970011A378 /* NewTodoViewModel.swift in Sources */ = {isa = PBXBuildFile; fileRef = F08FFC502C7379970011A378 /* NewTodoViewModel.swift */; };
/* End PBXBuildFile section */

/* Begin PBXFileReference section */
		F00FCBB52C73CA8900F45A30 /* TodoDetailsView.swift */ = {isa = PBXFileReference; lastKnownFileType = sourcecode.swift; path = TodoDetailsView.swift; sourceTree = "<group>"; };
		F00FCBB82C73CBE300F45A30 /* TodoDetailsViewModel.swift */ = {isa = PBXFileReference; lastKnownFileType = sourcecode.swift; path = TodoDetailsViewModel.swift; sourceTree = "<group>"; };
		F00FCBBC2C74E88D00F45A30 /* TodosListSectionView.swift */ = {isa = PBXFileReference; lastKnownFileType = sourcecode.swift; path = TodosListSectionView.swift; sourceTree = "<group>"; };
		F0267DA42C7FAA5C001C2FEB /* FoldersListView.swift */ = {isa = PBXFileReference; lastKnownFileType = sourcecode.swift; path = FoldersListView.swift; sourceTree = "<group>"; };
		F0267DA92C7FAFA5001C2FEB /* NewFolderView.swift */ = {isa = PBXFileReference; lastKnownFileType = sourcecode.swift; path = NewFolderView.swift; sourceTree = "<group>"; };
		F0267DAB2C7FBFF2001C2FEB /* HomeView.swift */ = {isa = PBXFileReference; lastKnownFileType = sourcecode.swift; path = HomeView.swift; sourceTree = "<group>"; };
		F0267DAD2C7FC37F001C2FEB /* FolderListItemView.swift */ = {isa = PBXFileReference; lastKnownFileType = sourcecode.swift; path = FolderListItemView.swift; sourceTree = "<group>"; };
		F0267DB02C808281001C2FEB /* TodoEntityExtentions.swift */ = {isa = PBXFileReference; lastKnownFileType = sourcecode.swift; path = TodoEntityExtentions.swift; sourceTree = "<group>"; };
		F0267DB22C8082AB001C2FEB /* FolderEntityExtentions.swift */ = {isa = PBXFileReference; lastKnownFileType = sourcecode.swift; path = FolderEntityExtentions.swift; sourceTree = "<group>"; };
		F0267DB42C808905001C2FEB /* FolderDetailsView.swift */ = {isa = PBXFileReference; lastKnownFileType = sourcecode.swift; path = FolderDetailsView.swift; sourceTree = "<group>"; };
		F0267DB72C808A59001C2FEB /* FolderDetailsViewModel.swift */ = {isa = PBXFileReference; lastKnownFileType = sourcecode.swift; path = FolderDetailsViewModel.swift; sourceTree = "<group>"; };
		F0267DB92C808D50001C2FEB /* AlertController.swift */ = {isa = PBXFileReference; lastKnownFileType = sourcecode.swift; path = AlertController.swift; sourceTree = "<group>"; };
		F04777B12C73909600A3C7FA /* PreviewExtentions.swift */ = {isa = PBXFileReference; lastKnownFileType = sourcecode.swift; path = PreviewExtentions.swift; sourceTree = "<group>"; };
		F04777B32C73984000A3C7FA /* TodoListItemView.swift */ = {isa = PBXFileReference; lastKnownFileType = sourcecode.swift; path = TodoListItemView.swift; sourceTree = "<group>"; };
		F08FFC322C7245BE0011A378 /* Todo.app */ = {isa = PBXFileReference; explicitFileType = wrapper.application; includeInIndex = 0; path = Todo.app; sourceTree = BUILT_PRODUCTS_DIR; };
		F08FFC352C7245BE0011A378 /* TodoApp.swift */ = {isa = PBXFileReference; lastKnownFileType = sourcecode.swift; path = TodoApp.swift; sourceTree = "<group>"; };
		F08FFC372C7245BE0011A378 /* FolderView.swift */ = {isa = PBXFileReference; lastKnownFileType = sourcecode.swift; path = FolderView.swift; sourceTree = "<group>"; };
		F08FFC392C7245C00011A378 /* Assets.xcassets */ = {isa = PBXFileReference; lastKnownFileType = folder.assetcatalog; path = Assets.xcassets; sourceTree = "<group>"; };
		F08FFC3C2C7245C00011A378 /* Preview Assets.xcassets */ = {isa = PBXFileReference; lastKnownFileType = folder.assetcatalog; path = "Preview Assets.xcassets"; sourceTree = "<group>"; };
		F08FFC3E2C7245C00011A378 /* Persistence.swift */ = {isa = PBXFileReference; lastKnownFileType = sourcecode.swift; path = Persistence.swift; sourceTree = "<group>"; };
		F08FFC412C7245C00011A378 /* Todo.xcdatamodel */ = {isa = PBXFileReference; lastKnownFileType = wrapper.xcdatamodel; path = Todo.xcdatamodel; sourceTree = "<group>"; };
		F08FFC492C7295F70011A378 /* TodosListView.swift */ = {isa = PBXFileReference; lastKnownFileType = sourcecode.swift; path = TodosListView.swift; sourceTree = "<group>"; };
		F08FFC4B2C7299F20011A378 /* NewTodoView.swift */ = {isa = PBXFileReference; lastKnownFileType = sourcecode.swift; path = NewTodoView.swift; sourceTree = "<group>"; };
		F08FFC502C7379970011A378 /* NewTodoViewModel.swift */ = {isa = PBXFileReference; lastKnownFileType = sourcecode.swift; path = NewTodoViewModel.swift; sourceTree = "<group>"; };
		F0B1F1F22C7759A2003ADBB2 /* README.md */ = {isa = PBXFileReference; lastKnownFileType = net.daringfireball.markdown; path = README.md; sourceTree = "<group>"; };
/* End PBXFileReference section */

/* Begin PBXFrameworksBuildPhase section */
		F08FFC2F2C7245BE0011A378 /* Frameworks */ = {
			isa = PBXFrameworksBuildPhase;
			buildActionMask = 2147483647;
			files = (
			);
			runOnlyForDeploymentPostprocessing = 0;
		};
/* End PBXFrameworksBuildPhase section */

/* Begin PBXGroup section */
		F00FCBB72C73CBD200F45A30 /* TodoDetails */ = {
			isa = PBXGroup;
			children = (
				F00FCBB52C73CA8900F45A30 /* TodoDetailsView.swift */,
				F00FCBB82C73CBE300F45A30 /* TodoDetailsViewModel.swift */,
			);
			path = TodoDetails;
			sourceTree = "<group>";
		};
		F0267DAF2C808263001C2FEB /* Extentions */ = {
			isa = PBXGroup;
			children = (
				F04777B12C73909600A3C7FA /* PreviewExtentions.swift */,
				F0267DB02C808281001C2FEB /* TodoEntityExtentions.swift */,
				F0267DB22C8082AB001C2FEB /* FolderEntityExtentions.swift */,
			);
			path = Extentions;
			sourceTree = "<group>";
		};
		F0267DB62C808A44001C2FEB /* FolderDetails */ = {
			isa = PBXGroup;
			children = (
				F0267DB42C808905001C2FEB /* FolderDetailsView.swift */,
				F0267DB72C808A59001C2FEB /* FolderDetailsViewModel.swift */,
			);
			path = FolderDetails;
			sourceTree = "<group>";
		};
		F08FFC292C7245BE0011A378 = {
			isa = PBXGroup;
			children = (
				F0B1F1F22C7759A2003ADBB2 /* README.md */,
				F08FFC342C7245BE0011A378 /* Todo */,
				F08FFC332C7245BE0011A378 /* Products */,
			);
			sourceTree = "<group>";
		};
		F08FFC332C7245BE0011A378 /* Products */ = {
			isa = PBXGroup;
			children = (
				F08FFC322C7245BE0011A378 /* Todo.app */,
			);
			name = Products;
			sourceTree = "<group>";
		};
		F08FFC342C7245BE0011A378 /* Todo */ = {
			isa = PBXGroup;
			children = (
				F0267DAF2C808263001C2FEB /* Extentions */,
				F08FFC482C7295C40011A378 /* Views */,
				F08FFC352C7245BE0011A378 /* TodoApp.swift */,
				F08FFC3E2C7245C00011A378 /* Persistence.swift */,
				F08FFC402C7245C00011A378 /* Todo.xcdatamodeld */,
				F08FFC392C7245C00011A378 /* Assets.xcassets */,
				F08FFC3B2C7245C00011A378 /* Preview Content */,
				F0267DB92C808D50001C2FEB /* AlertController.swift */,
			);
			path = Todo;
			sourceTree = "<group>";
		};
		F08FFC3B2C7245C00011A378 /* Preview Content */ = {
			isa = PBXGroup;
			children = (
				F08FFC3C2C7245C00011A378 /* Preview Assets.xcassets */,
			);
			path = "Preview Content";
			sourceTree = "<group>";
		};
		F08FFC482C7295C40011A378 /* Views */ = {
			isa = PBXGroup;
			children = (
				F0267DB62C808A44001C2FEB /* FolderDetails */,
				F08FFC4D2C7379780011A378 /* NewTodo */,
				F00FCBB72C73CBD200F45A30 /* TodoDetails */,
				F0267DAB2C7FBFF2001C2FEB /* HomeView.swift */,
				F0267DA42C7FAA5C001C2FEB /* FoldersListView.swift */,
				F08FFC372C7245BE0011A378 /* FolderView.swift */,
				F0267DA92C7FAFA5001C2FEB /* NewFolderView.swift */,
				F0267DAD2C7FC37F001C2FEB /* FolderListItemView.swift */,
				F08FFC492C7295F70011A378 /* TodosListView.swift */,
				F00FCBBC2C74E88D00F45A30 /* TodosListSectionView.swift */,
				F04777B32C73984000A3C7FA /* TodoListItemView.swift */,
			);
			path = Views;
			sourceTree = "<group>";
		};
		F08FFC4D2C7379780011A378 /* NewTodo */ = {
			isa = PBXGroup;
			children = (
				F08FFC4B2C7299F20011A378 /* NewTodoView.swift */,
				F08FFC502C7379970011A378 /* NewTodoViewModel.swift */,
			);
			path = NewTodo;
			sourceTree = "<group>";
		};
/* End PBXGroup section */

/* Begin PBXNativeTarget section */
		F08FFC312C7245BE0011A378 /* Todo */ = {
			isa = PBXNativeTarget;
			buildConfigurationList = F08FFC452C7245C00011A378 /* Build configuration list for PBXNativeTarget "Todo" */;
			buildPhases = (
				F08FFC2E2C7245BE0011A378 /* Sources */,
				F08FFC2F2C7245BE0011A378 /* Frameworks */,
				F08FFC302C7245BE0011A378 /* Resources */,
			);
			buildRules = (
			);
			dependencies = (
			);
			name = Todo;
			productName = Todo;
			productReference = F08FFC322C7245BE0011A378 /* Todo.app */;
			productType = "com.apple.product-type.application";
		};
/* End PBXNativeTarget section */

/* Begin PBXProject section */
		F08FFC2A2C7245BE0011A378 /* Project object */ = {
			isa = PBXProject;
			attributes = {
				BuildIndependentTargetsInParallel = 1;
				LastSwiftUpdateCheck = 1540;
				LastUpgradeCheck = 1540;
				TargetAttributes = {
					F08FFC312C7245BE0011A378 = {
						CreatedOnToolsVersion = 15.4;
					};
				};
			};
			buildConfigurationList = F08FFC2D2C7245BE0011A378 /* Build configuration list for PBXProject "Todo" */;
			compatibilityVersion = "Xcode 14.0";
			developmentRegion = en;
			hasScannedForEncodings = 0;
			knownRegions = (
				en,
				Base,
			);
			mainGroup = F08FFC292C7245BE0011A378;
			productRefGroup = F08FFC332C7245BE0011A378 /* Products */;
			projectDirPath = "";
			projectRoot = "";
			targets = (
				F08FFC312C7245BE0011A378 /* Todo */,
			);
		};
/* End PBXProject section */

/* Begin PBXResourcesBuildPhase section */
		F08FFC302C7245BE0011A378 /* Resources */ = {
			isa = PBXResourcesBuildPhase;
			buildActionMask = 2147483647;
			files = (
				F08FFC3D2C7245C00011A378 /* Preview Assets.xcassets in Resources */,
				F08FFC3A2C7245C00011A378 /* Assets.xcassets in Resources */,
			);
			runOnlyForDeploymentPostprocessing = 0;
		};
/* End PBXResourcesBuildPhase section */

/* Begin PBXSourcesBuildPhase section */
		F08FFC2E2C7245BE0011A378 /* Sources */ = {
			isa = PBXSourcesBuildPhase;
			buildActionMask = 2147483647;
			files = (
				F08FFC512C7379970011A378 /* NewTodoViewModel.swift in Sources */,
				F00FCBB92C73CBE300F45A30 /* TodoDetailsViewModel.swift in Sources */,
				F0267DB52C808905001C2FEB /* FolderDetailsView.swift in Sources */,
				F08FFC3F2C7245C00011A378 /* Persistence.swift in Sources */,
				F0267DBA2C808D50001C2FEB /* AlertController.swift in Sources */,
				F0267DAC2C7FBFF2001C2FEB /* HomeView.swift in Sources */,
				F0267DB12C808281001C2FEB /* TodoEntityExtentions.swift in Sources */,
				F08FFC4A2C7295F70011A378 /* TodosListView.swift in Sources */,
				F0267DAE2C7FC37F001C2FEB /* FolderListItemView.swift in Sources */,
				F0267DB32C8082AB001C2FEB /* FolderEntityExtentions.swift in Sources */,
				F00FCBB62C73CA8900F45A30 /* TodoDetailsView.swift in Sources */,
				F08FFC382C7245BE0011A378 /* FolderView.swift in Sources */,
				F00FCBBD2C74E88D00F45A30 /* TodosListSectionView.swift in Sources */,
				F0267DA52C7FAA5C001C2FEB /* FoldersListView.swift in Sources */,
				F04777B22C73909600A3C7FA /* PreviewExtentions.swift in Sources */,
				F08FFC4C2C7299F20011A378 /* NewTodoView.swift in Sources */,
				F04777B42C73984000A3C7FA /* TodoListItemView.swift in Sources */,
				F08FFC362C7245BE0011A378 /* TodoApp.swift in Sources */,
				F0267DB82C808A59001C2FEB /* FolderDetailsViewModel.swift in Sources */,
				F0267DAA2C7FAFA5001C2FEB /* NewFolderView.swift in Sources */,
				F08FFC422C7245C00011A378 /* Todo.xcdatamodeld in Sources */,
			);
			runOnlyForDeploymentPostprocessing = 0;
		};
/* End PBXSourcesBuildPhase section */

/* Begin XCBuildConfiguration section */
		F08FFC432C7245C00011A378 /* Debug */ = {
			isa = XCBuildConfiguration;
			buildSettings = {
				ALWAYS_SEARCH_USER_PATHS = NO;
				ASSETCATALOG_COMPILER_GENERATE_SWIFT_ASSET_SYMBOL_EXTENSIONS = YES;
				CLANG_ANALYZER_NONNULL = YES;
				CLANG_ANALYZER_NUMBER_OBJECT_CONVERSION = YES_AGGRESSIVE;
				CLANG_CXX_LANGUAGE_STANDARD = "gnu++20";
				CLANG_ENABLE_MODULES = YES;
				CLANG_ENABLE_OBJC_ARC = YES;
				CLANG_ENABLE_OBJC_WEAK = YES;
				CLANG_WARN_BLOCK_CAPTURE_AUTORELEASING = YES;
				CLANG_WARN_BOOL_CONVERSION = YES;
				CLANG_WARN_COMMA = YES;
				CLANG_WARN_CONSTANT_CONVERSION = YES;
				CLANG_WARN_DEPRECATED_OBJC_IMPLEMENTATIONS = YES;
				CLANG_WARN_DIRECT_OBJC_ISA_USAGE = YES_ERROR;
				CLANG_WARN_DOCUMENTATION_COMMENTS = YES;
				CLANG_WARN_EMPTY_BODY = YES;
				CLANG_WARN_ENUM_CONVERSION = YES;
				CLANG_WARN_INFINITE_RECURSION = YES;
				CLANG_WARN_INT_CONVERSION = YES;
				CLANG_WARN_NON_LITERAL_NULL_CONVERSION = YES;
				CLANG_WARN_OBJC_IMPLICIT_RETAIN_SELF = YES;
				CLANG_WARN_OBJC_LITERAL_CONVERSION = YES;
				CLANG_WARN_OBJC_ROOT_CLASS = YES_ERROR;
				CLANG_WARN_QUOTED_INCLUDE_IN_FRAMEWORK_HEADER = YES;
				CLANG_WARN_RANGE_LOOP_ANALYSIS = YES;
				CLANG_WARN_STRICT_PROTOTYPES = YES;
				CLANG_WARN_SUSPICIOUS_MOVE = YES;
				CLANG_WARN_UNGUARDED_AVAILABILITY = YES_AGGRESSIVE;
				CLANG_WARN_UNREACHABLE_CODE = YES;
				CLANG_WARN__DUPLICATE_METHOD_MATCH = YES;
				COPY_PHASE_STRIP = NO;
				DEBUG_INFORMATION_FORMAT = dwarf;
				ENABLE_STRICT_OBJC_MSGSEND = YES;
				ENABLE_TESTABILITY = YES;
				ENABLE_USER_SCRIPT_SANDBOXING = YES;
				GCC_C_LANGUAGE_STANDARD = gnu17;
				GCC_DYNAMIC_NO_PIC = NO;
				GCC_NO_COMMON_BLOCKS = YES;
				GCC_OPTIMIZATION_LEVEL = 0;
				GCC_PREPROCESSOR_DEFINITIONS = (
					"DEBUG=1",
					"$(inherited)",
				);
				GCC_WARN_64_TO_32_BIT_CONVERSION = YES;
				GCC_WARN_ABOUT_RETURN_TYPE = YES_ERROR;
				GCC_WARN_UNDECLARED_SELECTOR = YES;
				GCC_WARN_UNINITIALIZED_AUTOS = YES_AGGRESSIVE;
				GCC_WARN_UNUSED_FUNCTION = YES;
				GCC_WARN_UNUSED_VARIABLE = YES;
				IPHONEOS_DEPLOYMENT_TARGET = 17.5;
				LOCALIZATION_PREFERS_STRING_CATALOGS = YES;
				MTL_ENABLE_DEBUG_INFO = INCLUDE_SOURCE;
				MTL_FAST_MATH = YES;
				ONLY_ACTIVE_ARCH = YES;
				SDKROOT = iphoneos;
				SWIFT_ACTIVE_COMPILATION_CONDITIONS = "DEBUG $(inherited)";
				SWIFT_OPTIMIZATION_LEVEL = "-Onone";
			};
			name = Debug;
		};
		F08FFC442C7245C00011A378 /* Release */ = {
			isa = XCBuildConfiguration;
			buildSettings = {
				ALWAYS_SEARCH_USER_PATHS = NO;
				ASSETCATALOG_COMPILER_GENERATE_SWIFT_ASSET_SYMBOL_EXTENSIONS = YES;
				CLANG_ANALYZER_NONNULL = YES;
				CLANG_ANALYZER_NUMBER_OBJECT_CONVERSION = YES_AGGRESSIVE;
				CLANG_CXX_LANGUAGE_STANDARD = "gnu++20";
				CLANG_ENABLE_MODULES = YES;
				CLANG_ENABLE_OBJC_ARC = YES;
				CLANG_ENABLE_OBJC_WEAK = YES;
				CLANG_WARN_BLOCK_CAPTURE_AUTORELEASING = YES;
				CLANG_WARN_BOOL_CONVERSION = YES;
				CLANG_WARN_COMMA = YES;
				CLANG_WARN_CONSTANT_CONVERSION = YES;
				CLANG_WARN_DEPRECATED_OBJC_IMPLEMENTATIONS = YES;
				CLANG_WARN_DIRECT_OBJC_ISA_USAGE = YES_ERROR;
				CLANG_WARN_DOCUMENTATION_COMMENTS = YES;
				CLANG_WARN_EMPTY_BODY = YES;
				CLANG_WARN_ENUM_CONVERSION = YES;
				CLANG_WARN_INFINITE_RECURSION = YES;
				CLANG_WARN_INT_CONVERSION = YES;
				CLANG_WARN_NON_LITERAL_NULL_CONVERSION = YES;
				CLANG_WARN_OBJC_IMPLICIT_RETAIN_SELF = YES;
				CLANG_WARN_OBJC_LITERAL_CONVERSION = YES;
				CLANG_WARN_OBJC_ROOT_CLASS = YES_ERROR;
				CLANG_WARN_QUOTED_INCLUDE_IN_FRAMEWORK_HEADER = YES;
				CLANG_WARN_RANGE_LOOP_ANALYSIS = YES;
				CLANG_WARN_STRICT_PROTOTYPES = YES;
				CLANG_WARN_SUSPICIOUS_MOVE = YES;
				CLANG_WARN_UNGUARDED_AVAILABILITY = YES_AGGRESSIVE;
				CLANG_WARN_UNREACHABLE_CODE = YES;
				CLANG_WARN__DUPLICATE_METHOD_MATCH = YES;
				COPY_PHASE_STRIP = NO;
				DEBUG_INFORMATION_FORMAT = "dwarf-with-dsym";
				ENABLE_NS_ASSERTIONS = NO;
				ENABLE_STRICT_OBJC_MSGSEND = YES;
				ENABLE_USER_SCRIPT_SANDBOXING = YES;
				GCC_C_LANGUAGE_STANDARD = gnu17;
				GCC_NO_COMMON_BLOCKS = YES;
				GCC_WARN_64_TO_32_BIT_CONVERSION = YES;
				GCC_WARN_ABOUT_RETURN_TYPE = YES_ERROR;
				GCC_WARN_UNDECLARED_SELECTOR = YES;
				GCC_WARN_UNINITIALIZED_AUTOS = YES_AGGRESSIVE;
				GCC_WARN_UNUSED_FUNCTION = YES;
				GCC_WARN_UNUSED_VARIABLE = YES;
				IPHONEOS_DEPLOYMENT_TARGET = 17.5;
				LOCALIZATION_PREFERS_STRING_CATALOGS = YES;
				MTL_ENABLE_DEBUG_INFO = NO;
				MTL_FAST_MATH = YES;
				SDKROOT = iphoneos;
				SWIFT_COMPILATION_MODE = wholemodule;
				VALIDATE_PRODUCT = YES;
			};
			name = Release;
		};
		F08FFC462C7245C00011A378 /* Debug */ = {
			isa = XCBuildConfiguration;
			buildSettings = {
				ASSETCATALOG_COMPILER_APPICON_NAME = AppIcon;
				ASSETCATALOG_COMPILER_GLOBAL_ACCENT_COLOR_NAME = AccentColor;
				CODE_SIGN_STYLE = Automatic;
				CURRENT_PROJECT_VERSION = 1;
				DEVELOPMENT_ASSET_PATHS = "\"Todo/Preview Content\"";
				DEVELOPMENT_TEAM = 5SHG2N4683;
				ENABLE_PREVIEWS = YES;
				GENERATE_INFOPLIST_FILE = YES;
				INFOPLIST_KEY_UIApplicationSceneManifest_Generation = YES;
				INFOPLIST_KEY_UIApplicationSupportsIndirectInputEvents = YES;
				INFOPLIST_KEY_UILaunchScreen_Generation = YES;
				INFOPLIST_KEY_UISupportedInterfaceOrientations_iPad = "UIInterfaceOrientationPortrait UIInterfaceOrientationPortraitUpsideDown UIInterfaceOrientationLandscapeLeft UIInterfaceOrientationLandscapeRight";
				INFOPLIST_KEY_UISupportedInterfaceOrientations_iPhone = "UIInterfaceOrientationPortrait UIInterfaceOrientationLandscapeLeft UIInterfaceOrientationLandscapeRight";
				LD_RUNPATH_SEARCH_PATHS = (
					"$(inherited)",
					"@executable_path/Frameworks",
				);
				MARKETING_VERSION = 1.0;
				PRODUCT_BUNDLE_IDENTIFIER = nixywex.Todo;
				PRODUCT_NAME = "$(TARGET_NAME)";
				SUPPORTED_PLATFORMS = "iphoneos iphonesimulator";
				SUPPORTS_MACCATALYST = NO;
				SUPPORTS_MAC_DESIGNED_FOR_IPHONE_IPAD = NO;
				SUPPORTS_XR_DESIGNED_FOR_IPHONE_IPAD = NO;
				SWIFT_EMIT_LOC_STRINGS = YES;
				SWIFT_VERSION = 5.0;
				TARGETED_DEVICE_FAMILY = "1,2";
			};
			name = Debug;
		};
		F08FFC472C7245C00011A378 /* Release */ = {
			isa = XCBuildConfiguration;
			buildSettings = {
				ASSETCATALOG_COMPILER_APPICON_NAME = AppIcon;
				ASSETCATALOG_COMPILER_GLOBAL_ACCENT_COLOR_NAME = AccentColor;
				CODE_SIGN_STYLE = Automatic;
				CURRENT_PROJECT_VERSION = 1;
				DEVELOPMENT_ASSET_PATHS = "\"Todo/Preview Content\"";
				DEVELOPMENT_TEAM = 5SHG2N4683;
				ENABLE_PREVIEWS = YES;
				GENERATE_INFOPLIST_FILE = YES;
				INFOPLIST_KEY_UIApplicationSceneManifest_Generation = YES;
				INFOPLIST_KEY_UIApplicationSupportsIndirectInputEvents = YES;
				INFOPLIST_KEY_UILaunchScreen_Generation = YES;
				INFOPLIST_KEY_UISupportedInterfaceOrientations_iPad = "UIInterfaceOrientationPortrait UIInterfaceOrientationPortraitUpsideDown UIInterfaceOrientationLandscapeLeft UIInterfaceOrientationLandscapeRight";
				INFOPLIST_KEY_UISupportedInterfaceOrientations_iPhone = "UIInterfaceOrientationPortrait UIInterfaceOrientationLandscapeLeft UIInterfaceOrientationLandscapeRight";
				LD_RUNPATH_SEARCH_PATHS = (
					"$(inherited)",
					"@executable_path/Frameworks",
				);
				MARKETING_VERSION = 1.0;
				PRODUCT_BUNDLE_IDENTIFIER = nixywex.Todo;
				PRODUCT_NAME = "$(TARGET_NAME)";
				SUPPORTED_PLATFORMS = "iphoneos iphonesimulator";
				SUPPORTS_MACCATALYST = NO;
				SUPPORTS_MAC_DESIGNED_FOR_IPHONE_IPAD = NO;
				SUPPORTS_XR_DESIGNED_FOR_IPHONE_IPAD = NO;
				SWIFT_EMIT_LOC_STRINGS = YES;
				SWIFT_VERSION = 5.0;
				TARGETED_DEVICE_FAMILY = "1,2";
			};
			name = Release;
		};
/* End XCBuildConfiguration section */

/* Begin XCConfigurationList section */
		F08FFC2D2C7245BE0011A378 /* Build configuration list for PBXProject "Todo" */ = {
			isa = XCConfigurationList;
			buildConfigurations = (
				F08FFC432C7245C00011A378 /* Debug */,
				F08FFC442C7245C00011A378 /* Release */,
			);
			defaultConfigurationIsVisible = 0;
			defaultConfigurationName = Release;
		};
		F08FFC452C7245C00011A378 /* Build configuration list for PBXNativeTarget "Todo" */ = {
			isa = XCConfigurationList;
			buildConfigurations = (
				F08FFC462C7245C00011A378 /* Debug */,
				F08FFC472C7245C00011A378 /* Release */,
			);
			defaultConfigurationIsVisible = 0;
			defaultConfigurationName = Release;
		};
/* End XCConfigurationList section */

/* Begin XCVersionGroup section */
		F08FFC402C7245C00011A378 /* Todo.xcdatamodeld */ = {
			isa = XCVersionGroup;
			children = (
				F08FFC412C7245C00011A378 /* Todo.xcdatamodel */,
			);
			currentVersion = F08FFC412C7245C00011A378 /* Todo.xcdatamodel */;
			path = Todo.xcdatamodeld;
			sourceTree = "<group>";
			versionGroupType = wrapper.xcdatamodel;
		};
/* End XCVersionGroup section */
	};
	rootObject = F08FFC2A2C7245BE0011A378 /* Project object */;
}
